
Microsoft Visual Studio Solution File, Format Version 12.00
# Visual Studio Version 17
VisualStudioVersion = 17.11.35431.28
MinimumVisualStudioVersion = 10.0.40219.1
Project("{9A19103F-16F7-4668-BE54-9A1E7A4F7556}") = "TheNPCElevator", "TheNPCElevator.csproj", "{79B77E94-F6A0-483B-A385-79D81A69BEF1}"
EndProject
Global
	GlobalSection(SolutionConfigurationPlatforms) = preSolution
		Debug|Any CPU = Debug|Any CPU
		Release|Any CPU = Release|Any CPU
	EndGlobalSection
	GlobalSection(ProjectConfigurationPlatforms) = postSolution
		{79B77E94-F6A0-483B-A385-79D81A69BEF1}.Debug|Any CPU.ActiveCfg = Debug|Any CPU
		{79B77E94-F6A0-483B-A385-79D81A69BEF1}.Debug|Any CPU.Build.0 = Debug|Any CPU
		{79B77E94-F6A0-483B-A385-79D81A69BEF1}.Release|Any CPU.ActiveCfg = Release|Any CPU
		{79B77E94-F6A0-483B-A385-79D81A69BEF1}.Release|Any CPU.Build.0 = Release|Any CPU
	EndGlobalSection
	GlobalSection(SolutionProperties) = preSolution
		HideSolutionNode = FALSE
	EndGlobalSection
	GlobalSection(ExtensibilityGlobals) = postSolution
		SolutionGuid = {FBC02264-2C78-4E38-AF64-CB55AF48BF8E}
	EndGlobalSection
EndGlobal
